
Microsoft Visual Studio Solution File, Format Version 12.00
# Visual Studio Version 17
VisualStudioVersion = 17.10.35004.147
MinimumVisualStudioVersion = 10.0.40219.1
Project("{9A19103F-16F7-4668-BE54-9A1E7A4F7556}") = "Demo", "Demo\Demo.csproj", "{EDC18FCD-8123-4DD8-B369-7810EC0BC4A3}"
EndProject
Project("{9A19103F-16F7-4668-BE54-9A1E7A4F7556}") = "Monad", "Monad\Monad.csproj", "{B5B58E55-CDBB-4B42-9D41-59CB3A670F3D}"
EndProject
Global
	GlobalSection(SolutionConfigurationPlatforms) = preSolution
		Debug|Any CPU = Debug|Any CPU
		Release|Any CPU = Release|Any CPU
	EndGlobalSection
	GlobalSection(ProjectConfigurationPlatforms) = postSolution
		{EDC18FCD-8123-4DD8-B369-7810EC0BC4A3}.Debug|Any CPU.ActiveCfg = Debug|Any CPU
		{EDC18FCD-8123-4DD8-B369-7810EC0BC4A3}.Debug|Any CPU.Build.0 = Debug|Any CPU
		{EDC18FCD-8123-4DD8-B369-7810EC0BC4A3}.Release|Any CPU.ActiveCfg = Release|Any CPU
		{EDC18FCD-8123-4DD8-B369-7810EC0BC4A3}.Release|Any CPU.Build.0 = Release|Any CPU
		{B5B58E55-CDBB-4B42-9D41-59CB3A670F3D}.Debug|Any CPU.ActiveCfg = Debug|Any CPU
		{B5B58E55-CDBB-4B42-9D41-59CB3A670F3D}.Debug|Any CPU.Build.0 = Debug|Any CPU
		{B5B58E55-CDBB-4B42-9D41-59CB3A670F3D}.Release|Any CPU.ActiveCfg = Release|Any CPU
		{B5B58E55-CDBB-4B42-9D41-59CB3A670F3D}.Release|Any CPU.Build.0 = Release|Any CPU
	EndGlobalSection
	GlobalSection(SolutionProperties) = preSolution
		HideSolutionNode = FALSE
	EndGlobalSection
	GlobalSection(ExtensibilityGlobals) = postSolution
		SolutionGuid = {AB60BBA2-82E7-4C65-AE59-12D91FAAC415}
	EndGlobalSection
EndGlobal
